// !$*UTF8*$!
{
	archiveVersion = 1;
	classes = {
	};
	objectVersion = 46;
	objects = {

/* Begin PBXBuildFile section */
		5DC46AD91AD2E0D3002C48BA /* main.m in Sources */ = {isa = PBXBuildFile; fileRef = 5DC46AD81AD2E0D3002C48BA /* main.m */; };
		5DC46ADC1AD2E0D3002C48BA /* AppDelegate.m in Sources */ = {isa = PBXBuildFile; fileRef = 5DC46ADB1AD2E0D3002C48BA /* AppDelegate.m */; };
		5DC46ADF1AD2E0D3002C48BA /* GameScene.m in Sources */ = {isa = PBXBuildFile; fileRef = 5DC46ADE1AD2E0D3002C48BA /* GameScene.m */; };
		5DC46AE11AD2E0D3002C48BA /* GameScene.sks in Resources */ = {isa = PBXBuildFile; fileRef = 5DC46AE01AD2E0D3002C48BA /* GameScene.sks */; };
		5DC46AE41AD2E0D3002C48BA /* GameViewController.m in Sources */ = {isa = PBXBuildFile; fileRef = 5DC46AE31AD2E0D3002C48BA /* GameViewController.m */; };
		5DC46AE71AD2E0D3002C48BA /* Main.storyboard in Resources */ = {isa = PBXBuildFile; fileRef = 5DC46AE51AD2E0D3002C48BA /* Main.storyboard */; };
		5DC46AE91AD2E0D3002C48BA /* Images.xcassets in Resources */ = {isa = PBXBuildFile; fileRef = 5DC46AE81AD2E0D3002C48BA /* Images.xcassets */; };
		5DC46AEC1AD2E0D3002C48BA /* LaunchScreen.xib in Resources */ = {isa = PBXBuildFile; fileRef = 5DC46AEA1AD2E0D3002C48BA /* LaunchScreen.xib */; };
		5DC46AF81AD2E0D3002C48BA /* TanksTests.m in Sources */ = {isa = PBXBuildFile; fileRef = 5DC46AF71AD2E0D3002C48BA /* TanksTests.m */; };
		5DC46B0D1AD2E261002C48BA /* panzer.png in Resources */ = {isa = PBXBuildFile; fileRef = 5DC46B071AD2E261002C48BA /* panzer.png */; };
		5DC46B0E1AD2E261002C48BA /* area.png in Resources */ = {isa = PBXBuildFile; fileRef = 5DC46B081AD2E261002C48BA /* area.png */; };
		5DC46B0F1AD2E261002C48BA /* knob.png in Resources */ = {isa = PBXBuildFile; fileRef = 5DC46B091AD2E261002C48BA /* knob.png */; };
		5DC46B101AD2E261002C48BA /* track.png in Resources */ = {isa = PBXBuildFile; fileRef = 5DC46B0A1AD2E261002C48BA /* track.png */; };
		5DC46B111AD2E261002C48BA /* panzer_track.png in Resources */ = {isa = PBXBuildFile; fileRef = 5DC46B0B1AD2E261002C48BA /* panzer_track.png */; };
		5DC46B121AD2E261002C48BA /* panzer_body.png in Resources */ = {isa = PBXBuildFile; fileRef = 5DC46B0C1AD2E261002C48BA /* panzer_body.png */; };
		5DC46B151AD2E341002C48BA /* SliderArea.m in Sources */ = {isa = PBXBuildFile; fileRef = 5DC46B141AD2E341002C48BA /* SliderArea.m */; };
/* End PBXBuildFile section */

/* Begin PBXContainerItemProxy section */
		5DC46AF21AD2E0D3002C48BA /* PBXContainerItemProxy */ = {
			isa = PBXContainerItemProxy;
			containerPortal = 5DC46ACB1AD2E0D3002C48BA /* Project object */;
			proxyType = 1;
			remoteGlobalIDString = 5DC46AD21AD2E0D3002C48BA;
			remoteInfo = Tanks;
		};
/* End PBXContainerItemProxy section */

/* Begin PBXFileReference section */
		5DC46AD31AD2E0D3002C48BA /* Tanks.app */ = {isa = PBXFileReference; explicitFileType = wrapper.application; includeInIndex = 0; path = Tanks.app; sourceTree = BUILT_PRODUCTS_DIR; };
		5DC46AD71AD2E0D3002C48BA /* Info.plist */ = {isa = PBXFileReference; lastKnownFileType = text.plist.xml; path = Info.plist; sourceTree = "<group>"; };
		5DC46AD81AD2E0D3002C48BA /* main.m */ = {isa = PBXFileReference; lastKnownFileType = sourcecode.c.objc; path = main.m; sourceTree = "<group>"; };
		5DC46ADA1AD2E0D3002C48BA /* AppDelegate.h */ = {isa = PBXFileReference; lastKnownFileType = sourcecode.c.h; path = AppDelegate.h; sourceTree = "<group>"; };
		5DC46ADB1AD2E0D3002C48BA /* AppDelegate.m */ = {isa = PBXFileReference; lastKnownFileType = sourcecode.c.objc; path = AppDelegate.m; sourceTree = "<group>"; };
		5DC46ADD1AD2E0D3002C48BA /* GameScene.h */ = {isa = PBXFileReference; lastKnownFileType = sourcecode.c.h; path = GameScene.h; sourceTree = "<group>"; };
		5DC46ADE1AD2E0D3002C48BA /* GameScene.m */ = {isa = PBXFileReference; lastKnownFileType = sourcecode.c.objc; path = GameScene.m; sourceTree = "<group>"; };
		5DC46AE01AD2E0D3002C48BA /* GameScene.sks */ = {isa = PBXFileReference; lastKnownFileType = file.sks; path = GameScene.sks; sourceTree = "<group>"; };
		5DC46AE21AD2E0D3002C48BA /* GameViewController.h */ = {isa = PBXFileReference; lastKnownFileType = sourcecode.c.h; path = GameViewController.h; sourceTree = "<group>"; };
		5DC46AE31AD2E0D3002C48BA /* GameViewController.m */ = {isa = PBXFileReference; lastKnownFileType = sourcecode.c.objc; path = GameViewController.m; sourceTree = "<group>"; };
		5DC46AE61AD2E0D3002C48BA /* Base */ = {isa = PBXFileReference; lastKnownFileType = file.storyboard; name = Base; path = Base.lproj/Main.storyboard; sourceTree = "<group>"; };
		5DC46AE81AD2E0D3002C48BA /* Images.xcassets */ = {isa = PBXFileReference; lastKnownFileType = folder.assetcatalog; path = Images.xcassets; sourceTree = "<group>"; };
		5DC46AEB1AD2E0D3002C48BA /* Base */ = {isa = PBXFileReference; lastKnownFileType = file.xib; name = Base; path = Base.lproj/LaunchScreen.xib; sourceTree = "<group>"; };
		5DC46AF11AD2E0D3002C48BA /* TanksTests.xctest */ = {isa = PBXFileReference; explicitFileType = wrapper.cfbundle; includeInIndex = 0; path = TanksTests.xctest; sourceTree = BUILT_PRODUCTS_DIR; };
		5DC46AF61AD2E0D3002C48BA /* Info.plist */ = {isa = PBXFileReference; lastKnownFileType = text.plist.xml; path = Info.plist; sourceTree = "<group>"; };
		5DC46AF71AD2E0D3002C48BA /* TanksTests.m */ = {isa = PBXFileReference; lastKnownFileType = sourcecode.c.objc; path = TanksTests.m; sourceTree = "<group>"; };
		5DC46B071AD2E261002C48BA /* panzer.png */ = {isa = PBXFileReference; lastKnownFileType = image.png; path = panzer.png; sourceTree = "<group>"; };
		5DC46B081AD2E261002C48BA /* area.png */ = {isa = PBXFileReference; lastKnownFileType = image.png; path = area.png; sourceTree = "<group>"; };
		5DC46B091AD2E261002C48BA /* knob.png */ = {isa = PBXFileReference; lastKnownFileType = image.png; path = knob.png; sourceTree = "<group>"; };
		5DC46B0A1AD2E261002C48BA /* track.png */ = {isa = PBXFileReference; lastKnownFileType = image.png; path = track.png; sourceTree = "<group>"; };
		5DC46B0B1AD2E261002C48BA /* panzer_track.png */ = {isa = PBXFileReference; lastKnownFileType = image.png; path = panzer_track.png; sourceTree = "<group>"; };
		5DC46B0C1AD2E261002C48BA /* panzer_body.png */ = {isa = PBXFileReference; lastKnownFileType = image.png; path = panzer_body.png; sourceTree = "<group>"; };
		5DC46B131AD2E341002C48BA /* SliderArea.h */ = {isa = PBXFileReference; fileEncoding = 4; lastKnownFileType = sourcecode.c.h; path = SliderArea.h; sourceTree = "<group>"; };
		5DC46B141AD2E341002C48BA /* SliderArea.m */ = {isa = PBXFileReference; fileEncoding = 4; lastKnownFileType = sourcecode.c.objc; path = SliderArea.m; sourceTree = "<group>"; };
/* End PBXFileReference section */

/* Begin PBXFrameworksBuildPhase section */
		5DC46AD01AD2E0D3002C48BA /* Frameworks */ = {
			isa = PBXFrameworksBuildPhase;
			buildActionMask = 2147483647;
			files = (
			);
			runOnlyForDeploymentPostprocessing = 0;
		};
		5DC46AEE1AD2E0D3002C48BA /* Frameworks */ = {
			isa = PBXFrameworksBuildPhase;
			buildActionMask = 2147483647;
			files = (
			);
			runOnlyForDeploymentPostprocessing = 0;
		};
/* End PBXFrameworksBuildPhase section */

/* Begin PBXGroup section */
		5DC46ACA1AD2E0D3002C48BA = {
			isa = PBXGroup;
			children = (
				5DC46AD51AD2E0D3002C48BA /* Tanks */,
				5DC46AF41AD2E0D3002C48BA /* TanksTests */,
				5DC46AD41AD2E0D3002C48BA /* Products */,
			);
			sourceTree = "<group>";
		};
		5DC46AD41AD2E0D3002C48BA /* Products */ = {
			isa = PBXGroup;
			children = (
				5DC46AD31AD2E0D3002C48BA /* Tanks.app */,
				5DC46AF11AD2E0D3002C48BA /* TanksTests.xctest */,
			);
			name = Products;
			sourceTree = "<group>";
		};
		5DC46AD51AD2E0D3002C48BA /* Tanks */ = {
			isa = PBXGroup;
			children = (
				5DC46ADA1AD2E0D3002C48BA /* AppDelegate.h */,
				5DC46ADB1AD2E0D3002C48BA /* AppDelegate.m */,
				5DC46B131AD2E341002C48BA /* SliderArea.h */,
				5DC46B141AD2E341002C48BA /* SliderArea.m */,
				5DC46ADD1AD2E0D3002C48BA /* GameScene.h */,
				5DC46ADE1AD2E0D3002C48BA /* GameScene.m */,
				5DC46AE01AD2E0D3002C48BA /* GameScene.sks */,
				5DC46AE21AD2E0D3002C48BA /* GameViewController.h */,
				5DC46AE31AD2E0D3002C48BA /* GameViewController.m */,
				5DC46AE51AD2E0D3002C48BA /* Main.storyboard */,
				5DC46AE81AD2E0D3002C48BA /* Images.xcassets */,
				5DC46AEA1AD2E0D3002C48BA /* LaunchScreen.xib */,
				5DC46AD61AD2E0D3002C48BA /* Supporting Files */,
			);
			path = Tanks;
			sourceTree = "<group>";
		};
		5DC46AD61AD2E0D3002C48BA /* Supporting Files */ = {
			isa = PBXGroup;
			children = (
				5DC46B071AD2E261002C48BA /* panzer.png */,
				5DC46B081AD2E261002C48BA /* area.png */,
				5DC46B091AD2E261002C48BA /* knob.png */,
				5DC46B0A1AD2E261002C48BA /* track.png */,
				5DC46B0B1AD2E261002C48BA /* panzer_track.png */,
				5DC46B0C1AD2E261002C48BA /* panzer_body.png */,
				5DC46AD71AD2E0D3002C48BA /* Info.plist */,
				5DC46AD81AD2E0D3002C48BA /* main.m */,
			);
			name = "Supporting Files";
			sourceTree = "<group>";
		};
		5DC46AF41AD2E0D3002C48BA /* TanksTests */ = {
			isa = PBXGroup;
			children = (
				5DC46AF71AD2E0D3002C48BA /* TanksTests.m */,
				5DC46AF51AD2E0D3002C48BA /* Supporting Files */,
			);
			path = TanksTests;
			sourceTree = "<group>";
		};
		5DC46AF51AD2E0D3002C48BA /* Supporting Files */ = {
			isa = PBXGroup;
			children = (
				5DC46AF61AD2E0D3002C48BA /* Info.plist */,
			);
			name = "Supporting Files";
			sourceTree = "<group>";
		};
/* End PBXGroup section */

/* Begin PBXNativeTarget section */
		5DC46AD21AD2E0D3002C48BA /* Tanks */ = {
			isa = PBXNativeTarget;
			buildConfigurationList = 5DC46AFB1AD2E0D3002C48BA /* Build configuration list for PBXNativeTarget "Tanks" */;
			buildPhases = (
				5DC46ACF1AD2E0D3002C48BA /* Sources */,
				5DC46AD01AD2E0D3002C48BA /* Frameworks */,
				5DC46AD11AD2E0D3002C48BA /* Resources */,
			);
			buildRules = (
			);
			dependencies = (
			);
			name = Tanks;
			productName = Tanks;
			productReference = 5DC46AD31AD2E0D3002C48BA /* Tanks.app */;
			productType = "com.apple.product-type.application";
		};
		5DC46AF01AD2E0D3002C48BA /* TanksTests */ = {
			isa = PBXNativeTarget;
			buildConfigurationList = 5DC46AFE1AD2E0D3002C48BA /* Build configuration list for PBXNativeTarget "TanksTests" */;
			buildPhases = (
				5DC46AED1AD2E0D3002C48BA /* Sources */,
				5DC46AEE1AD2E0D3002C48BA /* Frameworks */,
				5DC46AEF1AD2E0D3002C48BA /* Resources */,
			);
			buildRules = (
			);
			dependencies = (
				5DC46AF31AD2E0D3002C48BA /* PBXTargetDependency */,
			);
			name = TanksTests;
			productName = TanksTests;
			productReference = 5DC46AF11AD2E0D3002C48BA /* TanksTests.xctest */;
			productType = "com.apple.product-type.bundle.unit-test";
		};
/* End PBXNativeTarget section */

/* Begin PBXProject section */
		5DC46ACB1AD2E0D3002C48BA /* Project object */ = {
			isa = PBXProject;
			attributes = {
				LastUpgradeCheck = 0620;
				ORGANIZATIONNAME = "Ihor Koblan";
				TargetAttributes = {
					5DC46AD21AD2E0D3002C48BA = {
						CreatedOnToolsVersion = 6.2;
					};
					5DC46AF01AD2E0D3002C48BA = {
						CreatedOnToolsVersion = 6.2;
						TestTargetID = 5DC46AD21AD2E0D3002C48BA;
					};
				};
			};
			buildConfigurationList = 5DC46ACE1AD2E0D3002C48BA /* Build configuration list for PBXProject "Tanks" */;
			compatibilityVersion = "Xcode 3.2";
			developmentRegion = English;
			hasScannedForEncodings = 0;
			knownRegions = (
				en,
				Base,
			);
			mainGroup = 5DC46ACA1AD2E0D3002C48BA;
			productRefGroup = 5DC46AD41AD2E0D3002C48BA /* Products */;
			projectDirPath = "";
			projectRoot = "";
			targets = (
				5DC46AD21AD2E0D3002C48BA /* Tanks */,
				5DC46AF01AD2E0D3002C48BA /* TanksTests */,
			);
		};
/* End PBXProject section */

/* Begin PBXResourcesBuildPhase section */
		5DC46AD11AD2E0D3002C48BA /* Resources */ = {
			isa = PBXResourcesBuildPhase;
			buildActionMask = 2147483647;
			files = (
				5DC46B0D1AD2E261002C48BA /* panzer.png in Resources */,
				5DC46B101AD2E261002C48BA /* track.png in Resources */,
				5DC46AEC1AD2E0D3002C48BA /* LaunchScreen.xib in Resources */,
				5DC46B111AD2E261002C48BA /* panzer_track.png in Resources */,
				5DC46B0F1AD2E261002C48BA /* knob.png in Resources */,
				5DC46B121AD2E261002C48BA /* panzer_body.png in Resources */,
				5DC46B0E1AD2E261002C48BA /* area.png in Resources */,
				5DC46AE91AD2E0D3002C48BA /* Images.xcassets in Resources */,
				5DC46AE11AD2E0D3002C48BA /* GameScene.sks in Resources */,
				5DC46AE71AD2E0D3002C48BA /* Main.storyboard in Resources */,
			);
			runOnlyForDeploymentPostprocessing = 0;
		};
		5DC46AEF1AD2E0D3002C48BA /* Resources */ = {
			isa = PBXResourcesBuildPhase;
			buildActionMask = 2147483647;
			files = (
			);
			runOnlyForDeploymentPostprocessing = 0;
		};
/* End PBXResourcesBuildPhase section */

/* Begin PBXSourcesBuildPhase section */
		5DC46ACF1AD2E0D3002C48BA /* Sources */ = {
			isa = PBXSourcesBuildPhase;
			buildActionMask = 2147483647;
			files = (
				5DC46AE41AD2E0D3002C48BA /* GameViewController.m in Sources */,
				5DC46ADC1AD2E0D3002C48BA /* AppDelegate.m in Sources */,
				5DC46ADF1AD2E0D3002C48BA /* GameScene.m in Sources */,
				5DC46AD91AD2E0D3002C48BA /* main.m in Sources */,
				5DC46B151AD2E341002C48BA /* SliderArea.m in Sources */,
			);
			runOnlyForDeploymentPostprocessing = 0;
		};
		5DC46AED1AD2E0D3002C48BA /* Sources */ = {
			isa = PBXSourcesBuildPhase;
			buildActionMask = 2147483647;
			files = (
				5DC46AF81AD2E0D3002C48BA /* TanksTests.m in Sources */,
			);
			runOnlyForDeploymentPostprocessing = 0;
		};
/* End PBXSourcesBuildPhase section */

/* Begin PBXTargetDependency section */
		5DC46AF31AD2E0D3002C48BA /* PBXTargetDependency */ = {
			isa = PBXTargetDependency;
			target = 5DC46AD21AD2E0D3002C48BA /* Tanks */;
			targetProxy = 5DC46AF21AD2E0D3002C48BA /* PBXContainerItemProxy */;
		};
/* End PBXTargetDependency section */

/* Begin PBXVariantGroup section */
		5DC46AE51AD2E0D3002C48BA /* Main.storyboard */ = {
			isa = PBXVariantGroup;
			children = (
				5DC46AE61AD2E0D3002C48BA /* Base */,
			);
			name = Main.storyboard;
			sourceTree = "<group>";
		};
		5DC46AEA1AD2E0D3002C48BA /* LaunchScreen.xib */ = {
			isa = PBXVariantGroup;
			children = (
				5DC46AEB1AD2E0D3002C48BA /* Base */,
			);
			name = LaunchScreen.xib;
			sourceTree = "<group>";
		};
/* End PBXVariantGroup section */

/* Begin XCBuildConfiguration section */
		5DC46AF91AD2E0D3002C48BA /* Debug */ = {
			isa = XCBuildConfiguration;
			buildSettings = {
				ALWAYS_SEARCH_USER_PATHS = NO;
				CLANG_CXX_LANGUAGE_STANDARD = "gnu++0x";
				CLANG_CXX_LIBRARY = "libc++";
				CLANG_ENABLE_MODULES = YES;
				CLANG_ENABLE_OBJC_ARC = YES;
				CLANG_WARN_BOOL_CONVERSION = YES;
				CLANG_WARN_CONSTANT_CONVERSION = YES;
				CLANG_WARN_DIRECT_OBJC_ISA_USAGE = YES_ERROR;
				CLANG_WARN_EMPTY_BODY = YES;
				CLANG_WARN_ENUM_CONVERSION = YES;
				CLANG_WARN_INT_CONVERSION = YES;
				CLANG_WARN_OBJC_ROOT_CLASS = YES_ERROR;
				CLANG_WARN_UNREACHABLE_CODE = YES;
				CLANG_WARN__DUPLICATE_METHOD_MATCH = YES;
				"CODE_SIGN_IDENTITY[sdk=iphoneos*]" = "iPhone Developer";
				COPY_PHASE_STRIP = NO;
				ENABLE_STRICT_OBJC_MSGSEND = YES;
				GCC_C_LANGUAGE_STANDARD = gnu99;
				GCC_DYNAMIC_NO_PIC = NO;
				GCC_OPTIMIZATION_LEVEL = 0;
				GCC_PREPROCESSOR_DEFINITIONS = (
					"DEBUG=1",
					"$(inherited)",
				);
				GCC_SYMBOLS_PRIVATE_EXTERN = NO;
				GCC_WARN_64_TO_32_BIT_CONVERSION = YES;
				GCC_WARN_ABOUT_RETURN_TYPE = YES_ERROR;
				GCC_WARN_UNDECLARED_SELECTOR = YES;
				GCC_WARN_UNINITIALIZED_AUTOS = YES_AGGRESSIVE;
				GCC_WARN_UNUSED_FUNCTION = YES;
				GCC_WARN_UNUSED_VARIABLE = YES;
				IPHONEOS_DEPLOYMENT_TARGET = 8.2;
				MTL_ENABLE_DEBUG_INFO = YES;
				ONLY_ACTIVE_ARCH = YES;
				SDKROOT = iphoneos;
			};
			name = Debug;
		};
		5DC46AFA1AD2E0D3002C48BA /* Release */ = {
			isa = XCBuildConfiguration;
			buildSettings = {
				ALWAYS_SEARCH_USER_PATHS = NO;
				CLANG_CXX_LANGUAGE_STANDARD = "gnu++0x";
				CLANG_CXX_LIBRARY = "libc++";
				CLANG_ENABLE_MODULES = YES;
				CLANG_ENABLE_OBJC_ARC = YES;
				CLANG_WARN_BOOL_CONVERSION = YES;
				CLANG_WARN_CONSTANT_CONVERSION = YES;
				CLANG_WARN_DIRECT_OBJC_ISA_USAGE = YES_ERROR;
				CLANG_WARN_EMPTY_BODY = YES;
				CLANG_WARN_ENUM_CONVERSION = YES;
				CLANG_WARN_INT_CONVERSION = YES;
				CLANG_WARN_OBJC_ROOT_CLASS = YES_ERROR;
				CLANG_WARN_UNREACHABLE_CODE = YES;
				CLANG_WARN__DUPLICATE_METHOD_MATCH = YES;
				"CODE_SIGN_IDENTITY[sdk=iphoneos*]" = "iPhone Developer";
				COPY_PHASE_STRIP = NO;
				ENABLE_NS_ASSERTIONS = NO;
				ENABLE_STRICT_OBJC_MSGSEND = YES;
				GCC_C_LANGUAGE_STANDARD = gnu99;
				GCC_WARN_64_TO_32_BIT_CONVERSION = YES;
				GCC_WARN_ABOUT_RETURN_TYPE = YES_ERROR;
				GCC_WARN_UNDECLARED_SELECTOR = YES;
				GCC_WARN_UNINITIALIZED_AUTOS = YES_AGGRESSIVE;
				GCC_WARN_UNUSED_FUNCTION = YES;
				GCC_WARN_UNUSED_VARIABLE = YES;
				IPHONEOS_DEPLOYMENT_TARGET = 8.2;
				MTL_ENABLE_DEBUG_INFO = NO;
				SDKROOT = iphoneos;
				VALIDATE_PRODUCT = YES;
			};
			name = Release;
		};
		5DC46AFC1AD2E0D3002C48BA /* Debug */ = {
			isa = XCBuildConfiguration;
			buildSettings = {
				ASSETCATALOG_COMPILER_APPICON_NAME = AppIcon;
				INFOPLIST_FILE = Tanks/Info.plist;
				IPHONEOS_DEPLOYMENT_TARGET = 8.0;
				LD_RUNPATH_SEARCH_PATHS = "$(inherited) @executable_path/Frameworks";
				PRODUCT_NAME = "$(TARGET_NAME)";
			};
			name = Debug;
		};
		5DC46AFD1AD2E0D3002C48BA /* Release */ = {
			isa = XCBuildConfiguration;
			buildSettings = {
				ASSETCATALOG_COMPILER_APPICON_NAME = AppIcon;
				INFOPLIST_FILE = Tanks/Info.plist;
				IPHONEOS_DEPLOYMENT_TARGET = 8.0;
				LD_RUNPATH_SEARCH_PATHS = "$(inherited) @executable_path/Frameworks";
				PRODUCT_NAME = "$(TARGET_NAME)";
			};
			name = Release;
		};
		5DC46AFF1AD2E0D3002C48BA /* Debug */ = {
			isa = XCBuildConfiguration;
			buildSettings = {
				BUNDLE_LOADER = "$(TEST_HOST)";
				FRAMEWORK_SEARCH_PATHS = (
					"$(SDKROOT)/Developer/Library/Frameworks",
					"$(inherited)",
				);
				GCC_PREPROCESSOR_DEFINITIONS = (
					"DEBUG=1",
					"$(inherited)",
				);
				INFOPLIST_FILE = TanksTests/Info.plist;
				LD_RUNPATH_SEARCH_PATHS = "$(inherited) @executable_path/Frameworks @loader_path/Frameworks";
				PRODUCT_NAME = "$(TARGET_NAME)";
				TEST_HOST = "$(BUILT_PRODUCTS_DIR)/Tanks.app/Tanks";
			};
			name = Debug;
		};
		5DC46B001AD2E0D3002C48BA /* Release */ = {
			isa = XCBuildConfiguration;
			buildSettings = {
				BUNDLE_LOADER = "$(TEST_HOST)";
				FRAMEWORK_SEARCH_PATHS = (
					"$(SDKROOT)/Developer/Library/Frameworks",
					"$(inherited)",
				);
				INFOPLIST_FILE = TanksTests/Info.plist;
				LD_RUNPATH_SEARCH_PATHS = "$(inherited) @executable_path/Frameworks @loader_path/Frameworks";
				PRODUCT_NAME = "$(TARGET_NAME)";
				TEST_HOST = "$(BUILT_PRODUCTS_DIR)/Tanks.app/Tanks";
			};
			name = Release;
		};
/* End XCBuildConfiguration section */

/* Begin XCConfigurationList section */
		5DC46ACE1AD2E0D3002C48BA /* Build configuration list for PBXProject "Tanks" */ = {
			isa = XCConfigurationList;
			buildConfigurations = (
				5DC46AF91AD2E0D3002C48BA /* Debug */,
				5DC46AFA1AD2E0D3002C48BA /* Release */,
			);
			defaultConfigurationIsVisible = 0;
			defaultConfigurationName = Release;
		};
		5DC46AFB1AD2E0D3002C48BA /* Build configuration list for PBXNativeTarget "Tanks" */ = {
			isa = XCConfigurationList;
			buildConfigurations = (
				5DC46AFC1AD2E0D3002C48BA /* Debug */,
				5DC46AFD1AD2E0D3002C48BA /* Release */,
			);
			defaultConfigurationIsVisible = 0;
			defaultConfigurationName = Release;
		};
		5DC46AFE1AD2E0D3002C48BA /* Build configuration list for PBXNativeTarget "TanksTests" */ = {
			isa = XCConfigurationList;
			buildConfigurations = (
				5DC46AFF1AD2E0D3002C48BA /* Debug */,
				5DC46B001AD2E0D3002C48BA /* Release */,
			);
			defaultConfigurationIsVisible = 0;
			defaultConfigurationName = Release;
		};
/* End XCConfigurationList section */
	};
	rootObject = 5DC46ACB1AD2E0D3002C48BA /* Project object */;
}
